
Microsoft Visual Studio Solution File, Format Version 12.00
# Visual Studio Version 17
VisualStudioVersion = 17.2.32616.157
MinimumVisualStudioVersion = 10.0.40219.1
Project("{FAE04EC0-301F-11D3-BF4B-00C04F79EFBC}") = "ex.02.2", "ex.02.2\ex.02.2.csproj", "{F9D25476-2684-46E6-B53E-FE74492FDFCB}"
EndProject
Global
	GlobalSection(SolutionConfigurationPlatforms) = preSolution
		Debug|Any CPU = Debug|Any CPU
		Release|Any CPU = Release|Any CPU
	EndGlobalSection
	GlobalSection(ProjectConfigurationPlatforms) = postSolution
		{F9D25476-2684-46E6-B53E-FE74492FDFCB}.Debug|Any CPU.ActiveCfg = Debug|Any CPU
		{F9D25476-2684-46E6-B53E-FE74492FDFCB}.Debug|Any CPU.Build.0 = Debug|Any CPU
		{F9D25476-2684-46E6-B53E-FE74492FDFCB}.Release|Any CPU.ActiveCfg = Release|Any CPU
		{F9D25476-2684-46E6-B53E-FE74492FDFCB}.Release|Any CPU.Build.0 = Release|Any CPU
	EndGlobalSection
	GlobalSection(SolutionProperties) = preSolution
		HideSolutionNode = FALSE
	EndGlobalSection
	GlobalSection(ExtensibilityGlobals) = postSolution
		SolutionGuid = {978108BD-B97C-4B39-A2CC-1C5AA80CCB25}
	EndGlobalSection
EndGlobal
